
Microsoft Visual Studio Solution File, Format Version 12.00
# Visual Studio Version 17
VisualStudioVersion = 17.0.32112.339
MinimumVisualStudioVersion = 10.0.40219.1
Project("{FAE04EC0-301F-11D3-BF4B-00C04F79EFBC}") = "EmailApp", "EmailApp\EmailApp.csproj", "{9252FAA2-B54D-4D45-91AD-5BEB7BB2E201}"
EndProject
Project("{FAE04EC0-301F-11D3-BF4B-00C04F79EFBC}") = "EmailService", "EmailService\EmailService.csproj", "{6A56F7ED-DE3B-472F-A71A-AD0C2E63F04F}"
EndProject
Global
	GlobalSection(SolutionConfigurationPlatforms) = preSolution
		Debug|Any CPU = Debug|Any CPU
		Release|Any CPU = Release|Any CPU
	EndGlobalSection
	GlobalSection(ProjectConfigurationPlatforms) = postSolution
		{9252FAA2-B54D-4D45-91AD-5BEB7BB2E201}.Debug|Any CPU.ActiveCfg = Debug|Any CPU
		{9252FAA2-B54D-4D45-91AD-5BEB7BB2E201}.Debug|Any CPU.Build.0 = Debug|Any CPU
		{9252FAA2-B54D-4D45-91AD-5BEB7BB2E201}.Release|Any CPU.ActiveCfg = Release|Any CPU
		{9252FAA2-B54D-4D45-91AD-5BEB7BB2E201}.Release|Any CPU.Build.0 = Release|Any CPU
		{6A56F7ED-DE3B-472F-A71A-AD0C2E63F04F}.Debug|Any CPU.ActiveCfg = Debug|Any CPU
		{6A56F7ED-DE3B-472F-A71A-AD0C2E63F04F}.Debug|Any CPU.Build.0 = Debug|Any CPU
		{6A56F7ED-DE3B-472F-A71A-AD0C2E63F04F}.Release|Any CPU.ActiveCfg = Release|Any CPU
		{6A56F7ED-DE3B-472F-A71A-AD0C2E63F04F}.Release|Any CPU.Build.0 = Release|Any CPU
	EndGlobalSection
	GlobalSection(SolutionProperties) = preSolution
		HideSolutionNode = FALSE
	EndGlobalSection
	GlobalSection(ExtensibilityGlobals) = postSolution
		SolutionGuid = {5734E152-F6DE-4B49-9056-F41BAB30EFF3}
	EndGlobalSection
EndGlobal
